
Microsoft Visual Studio Solution File, Format Version 12.00
# Visual Studio 15
VisualStudioVersion = 15.0.26124.0
MinimumVisualStudioVersion = 15.0.26124.0
Project("{2150E333-8FDC-42A3-9474-1A3956D46DE8}") = "src", "src", "{211224A7-E530-445C-810D-87C0BB4EA88B}"
EndProject
Project("{2150E333-8FDC-42A3-9474-1A3956D46DE8}") = "tests", "tests", "{F0E9C32A-1F83-4AE9-8739-11A92CBEDBDB}"
EndProject
Project("{FAE04EC0-301F-11D3-BF4B-00C04F79EFBC}") = "TripStack.TddDemo.StoreApi", "src\TripStack.TddDemo.StoreApi\TripStack.TddDemo.StoreApi.csproj", "{A67234F3-9044-4604-9370-66F3425B4DC3}"
EndProject
Project("{FAE04EC0-301F-11D3-BF4B-00C04F79EFBC}") = "TripStack.TddDemo.CurrencyExchange.Abstractions", "src\TripStack.TddDemo.CurrencyExchange.Abstractions\TripStack.TddDemo.CurrencyExchange.Abstractions.csproj", "{748DB823-68DB-479A-B8F9-2B91CF5E6175}"
EndProject
Project("{FAE04EC0-301F-11D3-BF4B-00C04F79EFBC}") = "TripStack.TddDemo.CurrencyExchangeApi", "src\TripStack.TddDemo.CurrencyExchangeApi\TripStack.TddDemo.CurrencyExchangeApi.csproj", "{2BB0DF2B-5129-48D1-82E2-7249281AEEA3}"
EndProject
Project("{FAE04EC0-301F-11D3-BF4B-00C04F79EFBC}") = "TripStack.TddDemo.CurrencyExchange.ApiClient", "src\TripStack.TddDemo.CurrencyExchange.ApiClient\TripStack.TddDemo.CurrencyExchange.ApiClient.csproj", "{9685483C-A6AB-4F63-8A2E-684539980347}"
EndProject
Global
	GlobalSection(SolutionConfigurationPlatforms) = preSolution
		Debug|Any CPU = Debug|Any CPU
		Debug|x64 = Debug|x64
		Debug|x86 = Debug|x86
		Release|Any CPU = Release|Any CPU
		Release|x64 = Release|x64
		Release|x86 = Release|x86
	EndGlobalSection
	GlobalSection(SolutionProperties) = preSolution
		HideSolutionNode = FALSE
	EndGlobalSection
	GlobalSection(NestedProjects) = preSolution
		{A67234F3-9044-4604-9370-66F3425B4DC3} = {211224A7-E530-445C-810D-87C0BB4EA88B}
		{748DB823-68DB-479A-B8F9-2B91CF5E6175} = {211224A7-E530-445C-810D-87C0BB4EA88B}
		{2BB0DF2B-5129-48D1-82E2-7249281AEEA3} = {211224A7-E530-445C-810D-87C0BB4EA88B}
		{9685483C-A6AB-4F63-8A2E-684539980347} = {211224A7-E530-445C-810D-87C0BB4EA88B}
	EndGlobalSection
	GlobalSection(ProjectConfigurationPlatforms) = postSolution
		{A67234F3-9044-4604-9370-66F3425B4DC3}.Debug|Any CPU.ActiveCfg = Debug|Any CPU
		{A67234F3-9044-4604-9370-66F3425B4DC3}.Debug|Any CPU.Build.0 = Debug|Any CPU
		{A67234F3-9044-4604-9370-66F3425B4DC3}.Debug|x64.ActiveCfg = Debug|Any CPU
		{A67234F3-9044-4604-9370-66F3425B4DC3}.Debug|x64.Build.0 = Debug|Any CPU
		{A67234F3-9044-4604-9370-66F3425B4DC3}.Debug|x86.ActiveCfg = Debug|Any CPU
		{A67234F3-9044-4604-9370-66F3425B4DC3}.Debug|x86.Build.0 = Debug|Any CPU
		{A67234F3-9044-4604-9370-66F3425B4DC3}.Release|Any CPU.ActiveCfg = Release|Any CPU
		{A67234F3-9044-4604-9370-66F3425B4DC3}.Release|Any CPU.Build.0 = Release|Any CPU
		{A67234F3-9044-4604-9370-66F3425B4DC3}.Release|x64.ActiveCfg = Release|Any CPU
		{A67234F3-9044-4604-9370-66F3425B4DC3}.Release|x64.Build.0 = Release|Any CPU
		{A67234F3-9044-4604-9370-66F3425B4DC3}.Release|x86.ActiveCfg = Release|Any CPU
		{A67234F3-9044-4604-9370-66F3425B4DC3}.Release|x86.Build.0 = Release|Any CPU
		{748DB823-68DB-479A-B8F9-2B91CF5E6175}.Debug|Any CPU.ActiveCfg = Debug|Any CPU
		{748DB823-68DB-479A-B8F9-2B91CF5E6175}.Debug|Any CPU.Build.0 = Debug|Any CPU
		{748DB823-68DB-479A-B8F9-2B91CF5E6175}.Debug|x64.ActiveCfg = Debug|Any CPU
		{748DB823-68DB-479A-B8F9-2B91CF5E6175}.Debug|x64.Build.0 = Debug|Any CPU
		{748DB823-68DB-479A-B8F9-2B91CF5E6175}.Debug|x86.ActiveCfg = Debug|Any CPU
		{748DB823-68DB-479A-B8F9-2B91CF5E6175}.Debug|x86.Build.0 = Debug|Any CPU
		{748DB823-68DB-479A-B8F9-2B91CF5E6175}.Release|Any CPU.ActiveCfg = Release|Any CPU
		{748DB823-68DB-479A-B8F9-2B91CF5E6175}.Release|Any CPU.Build.0 = Release|Any CPU
		{748DB823-68DB-479A-B8F9-2B91CF5E6175}.Release|x64.ActiveCfg = Release|Any CPU
		{748DB823-68DB-479A-B8F9-2B91CF5E6175}.Release|x64.Build.0 = Release|Any CPU
		{748DB823-68DB-479A-B8F9-2B91CF5E6175}.Release|x86.ActiveCfg = Release|Any CPU
		{748DB823-68DB-479A-B8F9-2B91CF5E6175}.Release|x86.Build.0 = Release|Any CPU
		{2BB0DF2B-5129-48D1-82E2-7249281AEEA3}.Debug|Any CPU.ActiveCfg = Debug|Any CPU
		{2BB0DF2B-5129-48D1-82E2-7249281AEEA3}.Debug|Any CPU.Build.0 = Debug|Any CPU
		{2BB0DF2B-5129-48D1-82E2-7249281AEEA3}.Debug|x64.ActiveCfg = Debug|Any CPU
		{2BB0DF2B-5129-48D1-82E2-7249281AEEA3}.Debug|x64.Build.0 = Debug|Any CPU
		{2BB0DF2B-5129-48D1-82E2-7249281AEEA3}.Debug|x86.ActiveCfg = Debug|Any CPU
		{2BB0DF2B-5129-48D1-82E2-7249281AEEA3}.Debug|x86.Build.0 = Debug|Any CPU
		{2BB0DF2B-5129-48D1-82E2-7249281AEEA3}.Release|Any CPU.ActiveCfg = Release|Any CPU
		{2BB0DF2B-5129-48D1-82E2-7249281AEEA3}.Release|Any CPU.Build.0 = Release|Any CPU
		{2BB0DF2B-5129-48D1-82E2-7249281AEEA3}.Release|x64.ActiveCfg = Release|Any CPU
		{2BB0DF2B-5129-48D1-82E2-7249281AEEA3}.Release|x64.Build.0 = Release|Any CPU
		{2BB0DF2B-5129-48D1-82E2-7249281AEEA3}.Release|x86.ActiveCfg = Release|Any CPU
		{2BB0DF2B-5129-48D1-82E2-7249281AEEA3}.Release|x86.Build.0 = Release|Any CPU
		{9685483C-A6AB-4F63-8A2E-684539980347}.Debug|Any CPU.ActiveCfg = Debug|Any CPU
		{9685483C-A6AB-4F63-8A2E-684539980347}.Debug|Any CPU.Build.0 = Debug|Any CPU
		{9685483C-A6AB-4F63-8A2E-684539980347}.Debug|x64.ActiveCfg = Debug|Any CPU
		{9685483C-A6AB-4F63-8A2E-684539980347}.Debug|x64.Build.0 = Debug|Any CPU
		{9685483C-A6AB-4F63-8A2E-684539980347}.Debug|x86.ActiveCfg = Debug|Any CPU
		{9685483C-A6AB-4F63-8A2E-684539980347}.Debug|x86.Build.0 = Debug|Any CPU
		{9685483C-A6AB-4F63-8A2E-684539980347}.Release|Any CPU.ActiveCfg = Release|Any CPU
		{9685483C-A6AB-4F63-8A2E-684539980347}.Release|Any CPU.Build.0 = Release|Any CPU
		{9685483C-A6AB-4F63-8A2E-684539980347}.Release|x64.ActiveCfg = Release|Any CPU
		{9685483C-A6AB-4F63-8A2E-684539980347}.Release|x64.Build.0 = Release|Any CPU
		{9685483C-A6AB-4F63-8A2E-684539980347}.Release|x86.ActiveCfg = Release|Any CPU
		{9685483C-A6AB-4F63-8A2E-684539980347}.Release|x86.Build.0 = Release|Any CPU
	EndGlobalSection
EndGlobal
